// !$*UTF8*$!
{
	archiveVersion = 1;
	classes = {
	};
	objectVersion = 51;
	objects = {

/* Begin PBXBuildFile section */
		00ED147000A5ACB78531FD4B /* Pods_calendar.framework in Frameworks */ = {isa = PBXBuildFile; fileRef = 7AE69CD0E8F1FF6A49EB22EB /* Pods_calendar.framework */; };
		901E77142662227F0045CECE /* ScheduleList.swift in Sources */ = {isa = PBXBuildFile; fileRef = 901E77132662227F0045CECE /* ScheduleList.swift */; };
		901E7716266261B10045CECE /* DateList.swift in Sources */ = {isa = PBXBuildFile; fileRef = 901E7715266261B10045CECE /* DateList.swift */; };
		908CF1F5265E1CF7006D1CF6 /* Schedule.swift in Sources */ = {isa = PBXBuildFile; fileRef = 908CF1F4265E1CF7006D1CF6 /* Schedule.swift */; };
		908CF1F7265E207C006D1CF6 /* AddViewController.swift in Sources */ = {isa = PBXBuildFile; fileRef = 908CF1F6265E207C006D1CF6 /* AddViewController.swift */; };
		908E3558265A1BFC00A7D186 /* AppDelegate.swift in Sources */ = {isa = PBXBuildFile; fileRef = 908E3557265A1BFC00A7D186 /* AppDelegate.swift */; };
		908E355A265A1BFC00A7D186 /* SceneDelegate.swift in Sources */ = {isa = PBXBuildFile; fileRef = 908E3559265A1BFC00A7D186 /* SceneDelegate.swift */; };
		908E355C265A1BFC00A7D186 /* ViewController.swift in Sources */ = {isa = PBXBuildFile; fileRef = 908E355B265A1BFC00A7D186 /* ViewController.swift */; };
		908E355F265A1BFC00A7D186 /* Main.storyboard in Resources */ = {isa = PBXBuildFile; fileRef = 908E355D265A1BFC00A7D186 /* Main.storyboard */; };
		908E3561265A1BFD00A7D186 /* Assets.xcassets in Resources */ = {isa = PBXBuildFile; fileRef = 908E3560265A1BFD00A7D186 /* Assets.xcassets */; };
		908E3564265A1BFD00A7D186 /* LaunchScreen.storyboard in Resources */ = {isa = PBXBuildFile; fileRef = 908E3562265A1BFD00A7D186 /* LaunchScreen.storyboard */; };
/* End PBXBuildFile section */

/* Begin PBXFileReference section */
		4B8AE31E2EC2D6A28F36D133 /* Pods-calendar.release.xcconfig */ = {isa = PBXFileReference; includeInIndex = 1; lastKnownFileType = text.xcconfig; name = "Pods-calendar.release.xcconfig"; path = "Target Support Files/Pods-calendar/Pods-calendar.release.xcconfig"; sourceTree = "<group>"; };
		7AE69CD0E8F1FF6A49EB22EB /* Pods_calendar.framework */ = {isa = PBXFileReference; explicitFileType = wrapper.framework; includeInIndex = 0; path = Pods_calendar.framework; sourceTree = BUILT_PRODUCTS_DIR; };
		901E77132662227F0045CECE /* ScheduleList.swift */ = {isa = PBXFileReference; lastKnownFileType = sourcecode.swift; path = ScheduleList.swift; sourceTree = "<group>"; };
		901E7715266261B10045CECE /* DateList.swift */ = {isa = PBXFileReference; lastKnownFileType = sourcecode.swift; path = DateList.swift; sourceTree = "<group>"; };
		908CF1F4265E1CF7006D1CF6 /* Schedule.swift */ = {isa = PBXFileReference; lastKnownFileType = sourcecode.swift; path = Schedule.swift; sourceTree = "<group>"; };
		908CF1F6265E207C006D1CF6 /* AddViewController.swift */ = {isa = PBXFileReference; lastKnownFileType = sourcecode.swift; path = AddViewController.swift; sourceTree = "<group>"; };
		908E3554265A1BFC00A7D186 /* calendar.app */ = {isa = PBXFileReference; explicitFileType = wrapper.application; includeInIndex = 0; path = calendar.app; sourceTree = BUILT_PRODUCTS_DIR; };
		908E3557265A1BFC00A7D186 /* AppDelegate.swift */ = {isa = PBXFileReference; lastKnownFileType = sourcecode.swift; path = AppDelegate.swift; sourceTree = "<group>"; };
		908E3559265A1BFC00A7D186 /* SceneDelegate.swift */ = {isa = PBXFileReference; lastKnownFileType = sourcecode.swift; path = SceneDelegate.swift; sourceTree = "<group>"; };
		908E355B265A1BFC00A7D186 /* ViewController.swift */ = {isa = PBXFileReference; lastKnownFileType = sourcecode.swift; path = ViewController.swift; sourceTree = "<group>"; };
		908E355E265A1BFC00A7D186 /* Base */ = {isa = PBXFileReference; lastKnownFileType = file.storyboard; name = Base; path = Base.lproj/Main.storyboard; sourceTree = "<group>"; };
		908E3560265A1BFD00A7D186 /* Assets.xcassets */ = {isa = PBXFileReference; lastKnownFileType = folder.assetcatalog; path = Assets.xcassets; sourceTree = "<group>"; };
		908E3563265A1BFD00A7D186 /* Base */ = {isa = PBXFileReference; lastKnownFileType = file.storyboard; name = Base; path = Base.lproj/LaunchScreen.storyboard; sourceTree = "<group>"; };
		908E3565265A1BFD00A7D186 /* Info.plist */ = {isa = PBXFileReference; lastKnownFileType = text.plist.xml; path = Info.plist; sourceTree = "<group>"; };
		A504366D437825A21549E494 /* Pods-calendar.debug.xcconfig */ = {isa = PBXFileReference; includeInIndex = 1; lastKnownFileType = text.xcconfig; name = "Pods-calendar.debug.xcconfig"; path = "Target Support Files/Pods-calendar/Pods-calendar.debug.xcconfig"; sourceTree = "<group>"; };
/* End PBXFileReference section */

/* Begin PBXFrameworksBuildPhase section */
		908E3551265A1BFC00A7D186 /* Frameworks */ = {
			isa = PBXFrameworksBuildPhase;
			buildActionMask = 2147483647;
			files = (
				00ED147000A5ACB78531FD4B /* Pods_calendar.framework in Frameworks */,
			);
			runOnlyForDeploymentPostprocessing = 0;
		};
/* End PBXFrameworksBuildPhase section */

/* Begin PBXGroup section */
		908E354B265A1BFC00A7D186 = {
			isa = PBXGroup;
			children = (
				908E3556265A1BFC00A7D186 /* calendar */,
				908E3555265A1BFC00A7D186 /* Products */,
				B192CD66652C607F53E74FB7 /* Pods */,
				D6ECA2DC2CCE7B811C070C0E /* Frameworks */,
			);
			sourceTree = "<group>";
		};
		908E3555265A1BFC00A7D186 /* Products */ = {
			isa = PBXGroup;
			children = (
				908E3554265A1BFC00A7D186 /* calendar.app */,
			);
			name = Products;
			sourceTree = "<group>";
		};
		908E3556265A1BFC00A7D186 /* calendar */ = {
			isa = PBXGroup;
			children = (
				908E3557265A1BFC00A7D186 /* AppDelegate.swift */,
				908E3559265A1BFC00A7D186 /* SceneDelegate.swift */,
				908E355B265A1BFC00A7D186 /* ViewController.swift */,
				908E355D265A1BFC00A7D186 /* Main.storyboard */,
				908E3560265A1BFD00A7D186 /* Assets.xcassets */,
				908E3562265A1BFD00A7D186 /* LaunchScreen.storyboard */,
				908E3565265A1BFD00A7D186 /* Info.plist */,
				908CF1F4265E1CF7006D1CF6 /* Schedule.swift */,
				908CF1F6265E207C006D1CF6 /* AddViewController.swift */,
				901E77132662227F0045CECE /* ScheduleList.swift */,
				901E7715266261B10045CECE /* DateList.swift */,
			);
			path = calendar;
			sourceTree = "<group>";
		};
		B192CD66652C607F53E74FB7 /* Pods */ = {
			isa = PBXGroup;
			children = (
				A504366D437825A21549E494 /* Pods-calendar.debug.xcconfig */,
				4B8AE31E2EC2D6A28F36D133 /* Pods-calendar.release.xcconfig */,
			);
			path = Pods;
			sourceTree = "<group>";
		};
		D6ECA2DC2CCE7B811C070C0E /* Frameworks */ = {
			isa = PBXGroup;
			children = (
				7AE69CD0E8F1FF6A49EB22EB /* Pods_calendar.framework */,
			);
			name = Frameworks;
			sourceTree = "<group>";
		};
/* End PBXGroup section */

/* Begin PBXNativeTarget section */
		908E3553265A1BFC00A7D186 /* calendar */ = {
			isa = PBXNativeTarget;
			buildConfigurationList = 908E3568265A1BFD00A7D186 /* Build configuration list for PBXNativeTarget "calendar" */;
			buildPhases = (
				66111BC43AF6F3FD6CB2A106 /* [CP] Check Pods Manifest.lock */,
				908E3550265A1BFC00A7D186 /* Sources */,
				908E3551265A1BFC00A7D186 /* Frameworks */,
				908E3552265A1BFC00A7D186 /* Resources */,
				C31B600EFCD4587450217F1E /* [CP] Embed Pods Frameworks */,
			);
			buildRules = (
			);
			dependencies = (
			);
			name = calendar;
			productName = calendar;
			productReference = 908E3554265A1BFC00A7D186 /* calendar.app */;
			productType = "com.apple.product-type.application";
		};
/* End PBXNativeTarget section */

/* Begin PBXProject section */
		908E354C265A1BFC00A7D186 /* Project object */ = {
			isa = PBXProject;
			attributes = {
				LastSwiftUpdateCheck = 1250;
				LastUpgradeCheck = 1250;
				TargetAttributes = {
					908E3553265A1BFC00A7D186 = {
						CreatedOnToolsVersion = 12.5;
					};
				};
			};
			buildConfigurationList = 908E354F265A1BFC00A7D186 /* Build configuration list for PBXProject "calendar" */;
			compatibilityVersion = "Xcode 9.3";
			developmentRegion = en;
			hasScannedForEncodings = 0;
			knownRegions = (
				en,
				Base,
			);
			mainGroup = 908E354B265A1BFC00A7D186;
			productRefGroup = 908E3555265A1BFC00A7D186 /* Products */;
			projectDirPath = "";
			projectRoot = "";
			targets = (
				908E3553265A1BFC00A7D186 /* calendar */,
			);
		};
/* End PBXProject section */

/* Begin PBXResourcesBuildPhase section */
		908E3552265A1BFC00A7D186 /* Resources */ = {
			isa = PBXResourcesBuildPhase;
			buildActionMask = 2147483647;
			files = (
				908E3564265A1BFD00A7D186 /* LaunchScreen.storyboard in Resources */,
				908E3561265A1BFD00A7D186 /* Assets.xcassets in Resources */,
				908E355F265A1BFC00A7D186 /* Main.storyboard in Resources */,
			);
			runOnlyForDeploymentPostprocessing = 0;
		};
/* End PBXResourcesBuildPhase section */

/* Begin PBXShellScriptBuildPhase section */
		66111BC43AF6F3FD6CB2A106 /* [CP] Check Pods Manifest.lock */ = {
			isa = PBXShellScriptBuildPhase;
			buildActionMask = 2147483647;
			files = (
			);
			inputFileListPaths = (
			);
			inputPaths = (
				"${PODS_PODFILE_DIR_PATH}/Podfile.lock",
				"${PODS_ROOT}/Manifest.lock",
			);
			name = "[CP] Check Pods Manifest.lock";
			outputFileListPaths = (
			);
			outputPaths = (
				"$(DERIVED_FILE_DIR)/Pods-calendar-checkManifestLockResult.txt",
			);
			runOnlyForDeploymentPostprocessing = 0;
			shellPath = /bin/sh;
			shellScript = "diff \"${PODS_PODFILE_DIR_PATH}/Podfile.lock\" \"${PODS_ROOT}/Manifest.lock\" > /dev/null\nif [ $? != 0 ] ; then\n    # print error to STDERR\n    echo \"error: The sandbox is not in sync with the Podfile.lock. Run 'pod install' or update your CocoaPods installation.\" >&2\n    exit 1\nfi\n# This output is used by Xcode 'outputs' to avoid re-running this script phase.\necho \"SUCCESS\" > \"${SCRIPT_OUTPUT_FILE_0}\"\n";
			showEnvVarsInLog = 0;
		};
		C31B600EFCD4587450217F1E /* [CP] Embed Pods Frameworks */ = {
			isa = PBXShellScriptBuildPhase;
			buildActionMask = 2147483647;
			files = (
			);
			inputFileListPaths = (
				"${PODS_ROOT}/Target Support Files/Pods-calendar/Pods-calendar-frameworks-${CONFIGURATION}-input-files.xcfilelist",
			);
			name = "[CP] Embed Pods Frameworks";
			outputFileListPaths = (
				"${PODS_ROOT}/Target Support Files/Pods-calendar/Pods-calendar-frameworks-${CONFIGURATION}-output-files.xcfilelist",
			);
			runOnlyForDeploymentPostprocessing = 0;
			shellPath = /bin/sh;
			shellScript = "\"${PODS_ROOT}/Target Support Files/Pods-calendar/Pods-calendar-frameworks.sh\"\n";
			showEnvVarsInLog = 0;
		};
/* End PBXShellScriptBuildPhase section */

/* Begin PBXSourcesBuildPhase section */
		908E3550265A1BFC00A7D186 /* Sources */ = {
			isa = PBXSourcesBuildPhase;
			buildActionMask = 2147483647;
			files = (
				908E355C265A1BFC00A7D186 /* ViewController.swift in Sources */,
				901E77142662227F0045CECE /* ScheduleList.swift in Sources */,
				908E3558265A1BFC00A7D186 /* AppDelegate.swift in Sources */,
				901E7716266261B10045CECE /* DateList.swift in Sources */,
				908CF1F7265E207C006D1CF6 /* AddViewController.swift in Sources */,
				908CF1F5265E1CF7006D1CF6 /* Schedule.swift in Sources */,
				908E355A265A1BFC00A7D186 /* SceneDelegate.swift in Sources */,
			);
			runOnlyForDeploymentPostprocessing = 0;
		};
/* End PBXSourcesBuildPhase section */

/* Begin PBXVariantGroup section */
		908E355D265A1BFC00A7D186 /* Main.storyboard */ = {
			isa = PBXVariantGroup;
			children = (
				908E355E265A1BFC00A7D186 /* Base */,
			);
			name = Main.storyboard;
			sourceTree = "<group>";
		};
		908E3562265A1BFD00A7D186 /* LaunchScreen.storyboard */ = {
			isa = PBXVariantGroup;
			children = (
				908E3563265A1BFD00A7D186 /* Base */,
			);
			name = LaunchScreen.storyboard;
			sourceTree = "<group>";
		};
/* End PBXVariantGroup section */

/* Begin XCBuildConfiguration section */
		908E3566265A1BFD00A7D186 /* Debug */ = {
			isa = XCBuildConfiguration;
			buildSettings = {
				ALWAYS_SEARCH_USER_PATHS = NO;
				CLANG_ANALYZER_NONNULL = YES;
				CLANG_ANALYZER_NUMBER_OBJECT_CONVERSION = YES_AGGRESSIVE;
				CLANG_CXX_LANGUAGE_STANDARD = "gnu++14";
				CLANG_CXX_LIBRARY = "libc++";
				CLANG_ENABLE_MODULES = YES;
				CLANG_ENABLE_OBJC_ARC = YES;
				CLANG_ENABLE_OBJC_WEAK = YES;
				CLANG_WARN_BLOCK_CAPTURE_AUTORELEASING = YES;
				CLANG_WARN_BOOL_CONVERSION = YES;
				CLANG_WARN_COMMA = YES;
				CLANG_WARN_CONSTANT_CONVERSION = YES;
				CLANG_WARN_DEPRECATED_OBJC_IMPLEMENTATIONS = YES;
				CLANG_WARN_DIRECT_OBJC_ISA_USAGE = YES_ERROR;
				CLANG_WARN_DOCUMENTATION_COMMENTS = YES;
				CLANG_WARN_EMPTY_BODY = YES;
				CLANG_WARN_ENUM_CONVERSION = YES;
				CLANG_WARN_INFINITE_RECURSION = YES;
				CLANG_WARN_INT_CONVERSION = YES;
				CLANG_WARN_NON_LITERAL_NULL_CONVERSION = YES;
				CLANG_WARN_OBJC_IMPLICIT_RETAIN_SELF = YES;
				CLANG_WARN_OBJC_LITERAL_CONVERSION = YES;
				CLANG_WARN_OBJC_ROOT_CLASS = YES_ERROR;
				CLANG_WARN_QUOTED_INCLUDE_IN_FRAMEWORK_HEADER = YES;
				CLANG_WARN_RANGE_LOOP_ANALYSIS = YES;
				CLANG_WARN_STRICT_PROTOTYPES = YES;
				CLANG_WARN_SUSPICIOUS_MOVE = YES;
				CLANG_WARN_UNGUARDED_AVAILABILITY = YES_AGGRESSIVE;
				CLANG_WARN_UNREACHABLE_CODE = YES;
				CLANG_WARN__DUPLICATE_METHOD_MATCH = YES;
				COPY_PHASE_STRIP = NO;
				DEBUG_INFORMATION_FORMAT = dwarf;
				ENABLE_STRICT_OBJC_MSGSEND = YES;
				ENABLE_TESTABILITY = YES;
				GCC_C_LANGUAGE_STANDARD = gnu11;
				GCC_DYNAMIC_NO_PIC = NO;
				GCC_NO_COMMON_BLOCKS = YES;
				GCC_OPTIMIZATION_LEVEL = 0;
				GCC_PREPROCESSOR_DEFINITIONS = (
					"DEBUG=1",
					"$(inherited)",
				);
				GCC_WARN_64_TO_32_BIT_CONVERSION = YES;
				GCC_WARN_ABOUT_RETURN_TYPE = YES_ERROR;
				GCC_WARN_UNDECLARED_SELECTOR = YES;
				GCC_WARN_UNINITIALIZED_AUTOS = YES_AGGRESSIVE;
				GCC_WARN_UNUSED_FUNCTION = YES;
				GCC_WARN_UNUSED_VARIABLE = YES;
				IPHONEOS_DEPLOYMENT_TARGET = 14.5;
				MTL_ENABLE_DEBUG_INFO = INCLUDE_SOURCE;
				MTL_FAST_MATH = YES;
				ONLY_ACTIVE_ARCH = YES;
				SDKROOT = iphoneos;
				SWIFT_ACTIVE_COMPILATION_CONDITIONS = DEBUG;
				SWIFT_OPTIMIZATION_LEVEL = "-Onone";
			};
			name = Debug;
		};
		908E3567265A1BFD00A7D186 /* Release */ = {
			isa = XCBuildConfiguration;
			buildSettings = {
				ALWAYS_SEARCH_USER_PATHS = NO;
				CLANG_ANALYZER_NONNULL = YES;
				CLANG_ANALYZER_NUMBER_OBJECT_CONVERSION = YES_AGGRESSIVE;
				CLANG_CXX_LANGUAGE_STANDARD = "gnu++14";
				CLANG_CXX_LIBRARY = "libc++";
				CLANG_ENABLE_MODULES = YES;
				CLANG_ENABLE_OBJC_ARC = YES;
				CLANG_ENABLE_OBJC_WEAK = YES;
				CLANG_WARN_BLOCK_CAPTURE_AUTORELEASING = YES;
				CLANG_WARN_BOOL_CONVERSION = YES;
				CLANG_WARN_COMMA = YES;
				CLANG_WARN_CONSTANT_CONVERSION = YES;
				CLANG_WARN_DEPRECATED_OBJC_IMPLEMENTATIONS = YES;
				CLANG_WARN_DIRECT_OBJC_ISA_USAGE = YES_ERROR;
				CLANG_WARN_DOCUMENTATION_COMMENTS = YES;
				CLANG_WARN_EMPTY_BODY = YES;
				CLANG_WARN_ENUM_CONVERSION = YES;
				CLANG_WARN_INFINITE_RECURSION = YES;
				CLANG_WARN_INT_CONVERSION = YES;
				CLANG_WARN_NON_LITERAL_NULL_CONVERSION = YES;
				CLANG_WARN_OBJC_IMPLICIT_RETAIN_SELF = YES;
				CLANG_WARN_OBJC_LITERAL_CONVERSION = YES;
				CLANG_WARN_OBJC_ROOT_CLASS = YES_ERROR;
				CLANG_WARN_QUOTED_INCLUDE_IN_FRAMEWORK_HEADER = YES;
				CLANG_WARN_RANGE_LOOP_ANALYSIS = YES;
				CLANG_WARN_STRICT_PROTOTYPES = YES;
				CLANG_WARN_SUSPICIOUS_MOVE = YES;
				CLANG_WARN_UNGUARDED_AVAILABILITY = YES_AGGRESSIVE;
				CLANG_WARN_UNREACHABLE_CODE = YES;
				CLANG_WARN__DUPLICATE_METHOD_MATCH = YES;
				COPY_PHASE_STRIP = NO;
				DEBUG_INFORMATION_FORMAT = "dwarf-with-dsym";
				ENABLE_NS_ASSERTIONS = NO;
				ENABLE_STRICT_OBJC_MSGSEND = YES;
				GCC_C_LANGUAGE_STANDARD = gnu11;
				GCC_NO_COMMON_BLOCKS = YES;
				GCC_WARN_64_TO_32_BIT_CONVERSION = YES;
				GCC_WARN_ABOUT_RETURN_TYPE = YES_ERROR;
				GCC_WARN_UNDECLARED_SELECTOR = YES;
				GCC_WARN_UNINITIALIZED_AUTOS = YES_AGGRESSIVE;
				GCC_WARN_UNUSED_FUNCTION = YES;
				GCC_WARN_UNUSED_VARIABLE = YES;
				IPHONEOS_DEPLOYMENT_TARGET = 14.5;
				MTL_ENABLE_DEBUG_INFO = NO;
				MTL_FAST_MATH = YES;
				SDKROOT = iphoneos;
				SWIFT_COMPILATION_MODE = wholemodule;
				SWIFT_OPTIMIZATION_LEVEL = "-O";
				VALIDATE_PRODUCT = YES;
			};
			name = Release;
		};
		908E3569265A1BFD00A7D186 /* Debug */ = {
			isa = XCBuildConfiguration;
			baseConfigurationReference = A504366D437825A21549E494 /* Pods-calendar.debug.xcconfig */;
			buildSettings = {
				ASSETCATALOG_COMPILER_APPICON_NAME = AppIcon;
				ASSETCATALOG_COMPILER_GLOBAL_ACCENT_COLOR_NAME = AccentColor;
				CODE_SIGN_STYLE = Automatic;
				INFOPLIST_FILE = calendar/Info.plist;
				LD_RUNPATH_SEARCH_PATHS = (
					"$(inherited)",
					"@executable_path/Frameworks",
				);
				PRODUCT_BUNDLE_IDENTIFIER = hansung.ac.kr.calendar;
				PRODUCT_NAME = "$(TARGET_NAME)";
				SWIFT_VERSION = 5.0;
				TARGETED_DEVICE_FAMILY = "1,2";
			};
			name = Debug;
		};
		908E356A265A1BFD00A7D186 /* Release */ = {
			isa = XCBuildConfiguration;
			baseConfigurationReference = 4B8AE31E2EC2D6A28F36D133 /* Pods-calendar.release.xcconfig */;
			buildSettings = {
				ASSETCATALOG_COMPILER_APPICON_NAME = AppIcon;
				ASSETCATALOG_COMPILER_GLOBAL_ACCENT_COLOR_NAME = AccentColor;
				CODE_SIGN_STYLE = Automatic;
				INFOPLIST_FILE = calendar/Info.plist;
				LD_RUNPATH_SEARCH_PATHS = (
					"$(inherited)",
					"@executable_path/Frameworks",
				);
				ONLY_ACTIVE_ARCH = YES;
				PRODUCT_BUNDLE_IDENTIFIER = hansung.ac.kr.calendar;
				PRODUCT_NAME = "$(TARGET_NAME)";
				SWIFT_VERSION = 5.0;
				TARGETED_DEVICE_FAMILY = "1,2";
			};
			name = Release;
		};
/* End XCBuildConfiguration section */

/* Begin XCConfigurationList section */
		908E354F265A1BFC00A7D186 /* Build configuration list for PBXProject "calendar" */ = {
			isa = XCConfigurationList;
			buildConfigurations = (
				908E3566265A1BFD00A7D186 /* Debug */,
				908E3567265A1BFD00A7D186 /* Release */,
			);
			defaultConfigurationIsVisible = 0;
			defaultConfigurationName = Release;
		};
		908E3568265A1BFD00A7D186 /* Build configuration list for PBXNativeTarget "calendar" */ = {
			isa = XCConfigurationList;
			buildConfigurations = (
				908E3569265A1BFD00A7D186 /* Debug */,
				908E356A265A1BFD00A7D186 /* Release */,
			);
			defaultConfigurationIsVisible = 0;
			defaultConfigurationName = Release;
		};
/* End XCConfigurationList section */
	};
	rootObject = 908E354C265A1BFC00A7D186 /* Project object */;
}
